
Microsoft Visual Studio Solution File, Format Version 12.00
# Visual Studio Version 17
VisualStudioVersion = 17.4.33103.184
MinimumVisualStudioVersion = 10.0.40219.1
Project("{FAE04EC0-301F-11D3-BF4B-00C04F79EFBC}") = "GymBuddy-AboutUs", "GymBuddy-AboutUs.csproj", "{36BB96FC-C09F-4B60-AF2B-0CDF30F69CBB}"
EndProject
Global
	GlobalSection(SolutionConfigurationPlatforms) = preSolution
		Debug|Any CPU = Debug|Any CPU
		Release|Any CPU = Release|Any CPU
	EndGlobalSection
	GlobalSection(ProjectConfigurationPlatforms) = postSolution
		{36BB96FC-C09F-4B60-AF2B-0CDF30F69CBB}.Debug|Any CPU.ActiveCfg = Debug|Any CPU
		{36BB96FC-C09F-4B60-AF2B-0CDF30F69CBB}.Debug|Any CPU.Build.0 = Debug|Any CPU
		{36BB96FC-C09F-4B60-AF2B-0CDF30F69CBB}.Release|Any CPU.ActiveCfg = Release|Any CPU
		{36BB96FC-C09F-4B60-AF2B-0CDF30F69CBB}.Release|Any CPU.Build.0 = Release|Any CPU
	EndGlobalSection
	GlobalSection(SolutionProperties) = preSolution
		HideSolutionNode = FALSE
	EndGlobalSection
	GlobalSection(ExtensibilityGlobals) = postSolution
		SolutionGuid = {6236E517-11A3-4C2A-BD35-489DFC39D08A}
	EndGlobalSection
EndGlobal
